
Microsoft Visual Studio Solution File, Format Version 12.00
# Visual Studio Version 17
VisualStudioVersion = 17.0.32112.339
MinimumVisualStudioVersion = 10.0.40219.1
Project("{FAE04EC0-301F-11D3-BF4B-00C04F79EFBC}") = "OOFIX", "OOFIX\OOFIX.csproj", "{ED68898A-AF3F-46BF-8CE0-13C56B140F31}"
EndProject
Global
	GlobalSection(SolutionConfigurationPlatforms) = preSolution
		Debug|Any CPU = Debug|Any CPU
		Release|Any CPU = Release|Any CPU
	EndGlobalSection
	GlobalSection(ProjectConfigurationPlatforms) = postSolution
		{ED68898A-AF3F-46BF-8CE0-13C56B140F31}.Debug|Any CPU.ActiveCfg = Debug|Any CPU
		{ED68898A-AF3F-46BF-8CE0-13C56B140F31}.Debug|Any CPU.Build.0 = Debug|Any CPU
		{ED68898A-AF3F-46BF-8CE0-13C56B140F31}.Release|Any CPU.ActiveCfg = Release|Any CPU
		{ED68898A-AF3F-46BF-8CE0-13C56B140F31}.Release|Any CPU.Build.0 = Release|Any CPU
	EndGlobalSection
	GlobalSection(SolutionProperties) = preSolution
		HideSolutionNode = FALSE
	EndGlobalSection
	GlobalSection(ExtensibilityGlobals) = postSolution
		SolutionGuid = {70DDF9C0-F048-4980-BA3F-9BC76709CA52}
	EndGlobalSection
EndGlobal
